
Microsoft Visual Studio Solution File, Format Version 12.00
# Visual Studio Version 17
VisualStudioVersion = 17.3.32811.315
MinimumVisualStudioVersion = 10.0.40219.1
Project("{FAE04EC0-301F-11D3-BF4B-00C04F79EFBC}") = "Ch06Ex02", "Ch06Ex02.csproj", "{5E34D145-7A56-465E-A0A1-F131473C0206}"
EndProject
Global
	GlobalSection(SolutionConfigurationPlatforms) = preSolution
		Debug|Any CPU = Debug|Any CPU
		Release|Any CPU = Release|Any CPU
	EndGlobalSection
	GlobalSection(ProjectConfigurationPlatforms) = postSolution
		{5E34D145-7A56-465E-A0A1-F131473C0206}.Debug|Any CPU.ActiveCfg = Debug|Any CPU
		{5E34D145-7A56-465E-A0A1-F131473C0206}.Debug|Any CPU.Build.0 = Debug|Any CPU
		{5E34D145-7A56-465E-A0A1-F131473C0206}.Release|Any CPU.ActiveCfg = Release|Any CPU
		{5E34D145-7A56-465E-A0A1-F131473C0206}.Release|Any CPU.Build.0 = Release|Any CPU
	EndGlobalSection
	GlobalSection(SolutionProperties) = preSolution
		HideSolutionNode = FALSE
	EndGlobalSection
	GlobalSection(ExtensibilityGlobals) = postSolution
		SolutionGuid = {9309E959-600F-43CE-B818-FADC6A3232C0}
	EndGlobalSection
EndGlobal
