
Microsoft Visual Studio Solution File, Format Version 12.00
# Visual Studio Version 17
VisualStudioVersion = 17.3.32901.215
MinimumVisualStudioVersion = 10.0.40219.1
Project("{FAE04EC0-301F-11D3-BF4B-00C04F79EFBC}") = "ExercisesCh09", "ExercisesCh09.csproj", "{E12394C0-A89B-45AB-8F7E-57F6D304E34C}"
EndProject
Global
	GlobalSection(SolutionConfigurationPlatforms) = preSolution
		Debug|Any CPU = Debug|Any CPU
		Release|Any CPU = Release|Any CPU
	EndGlobalSection
	GlobalSection(ProjectConfigurationPlatforms) = postSolution
		{E12394C0-A89B-45AB-8F7E-57F6D304E34C}.Debug|Any CPU.ActiveCfg = Debug|Any CPU
		{E12394C0-A89B-45AB-8F7E-57F6D304E34C}.Debug|Any CPU.Build.0 = Debug|Any CPU
		{E12394C0-A89B-45AB-8F7E-57F6D304E34C}.Release|Any CPU.ActiveCfg = Release|Any CPU
		{E12394C0-A89B-45AB-8F7E-57F6D304E34C}.Release|Any CPU.Build.0 = Release|Any CPU
	EndGlobalSection
	GlobalSection(SolutionProperties) = preSolution
		HideSolutionNode = FALSE
	EndGlobalSection
	GlobalSection(ExtensibilityGlobals) = postSolution
		SolutionGuid = {C5ACEC92-8E32-4876-821E-3D7FF2D65E8B}
	EndGlobalSection
EndGlobal
