
Microsoft Visual Studio Solution File, Format Version 12.00
# Visual Studio Version 17
VisualStudioVersion = 17.3.32901.215
MinimumVisualStudioVersion = 10.0.40219.1
Project("{FAE04EC0-301F-11D3-BF4B-00C04F79EFBC}") = "FileWatch", "FileWatch\FileWatch.csproj", "{3E01E339-6B74-4146-BA73-78A15AA48D3D}"
EndProject
Global
	GlobalSection(SolutionConfigurationPlatforms) = preSolution
		Debug|Any CPU = Debug|Any CPU
		Release|Any CPU = Release|Any CPU
	EndGlobalSection
	GlobalSection(ProjectConfigurationPlatforms) = postSolution
		{3E01E339-6B74-4146-BA73-78A15AA48D3D}.Debug|Any CPU.ActiveCfg = Debug|Any CPU
		{3E01E339-6B74-4146-BA73-78A15AA48D3D}.Debug|Any CPU.Build.0 = Debug|Any CPU
		{3E01E339-6B74-4146-BA73-78A15AA48D3D}.Release|Any CPU.ActiveCfg = Release|Any CPU
		{3E01E339-6B74-4146-BA73-78A15AA48D3D}.Release|Any CPU.Build.0 = Release|Any CPU
	EndGlobalSection
	GlobalSection(SolutionProperties) = preSolution
		HideSolutionNode = FALSE
	EndGlobalSection
	GlobalSection(ExtensibilityGlobals) = postSolution
		SolutionGuid = {A2726416-7679-4178-81F0-7F40AF190E7C}
	EndGlobalSection
EndGlobal
