
Microsoft Visual Studio Solution File, Format Version 12.00
# Visual Studio Version 17
VisualStudioVersion = 17.2.32616.157
MinimumVisualStudioVersion = 10.0.40219.1
Project("{FAE04EC0-301F-11D3-BF4B-00C04F79EFBC}") = "ConsoleApp1", "ConsoleApp1\ConsoleApp1.csproj", "{22EB39BA-6102-45B3-9899-BDD97A1FF313}"
EndProject
Global
	GlobalSection(SolutionConfigurationPlatforms) = preSolution
		Debug|Any CPU = Debug|Any CPU
		Release|Any CPU = Release|Any CPU
	EndGlobalSection
	GlobalSection(ProjectConfigurationPlatforms) = postSolution
		{22EB39BA-6102-45B3-9899-BDD97A1FF313}.Debug|Any CPU.ActiveCfg = Debug|Any CPU
		{22EB39BA-6102-45B3-9899-BDD97A1FF313}.Debug|Any CPU.Build.0 = Debug|Any CPU
		{22EB39BA-6102-45B3-9899-BDD97A1FF313}.Release|Any CPU.ActiveCfg = Release|Any CPU
		{22EB39BA-6102-45B3-9899-BDD97A1FF313}.Release|Any CPU.Build.0 = Release|Any CPU
	EndGlobalSection
	GlobalSection(SolutionProperties) = preSolution
		HideSolutionNode = FALSE
	EndGlobalSection
	GlobalSection(ExtensibilityGlobals) = postSolution
		SolutionGuid = {A36022F2-F85A-44B3-9EF4-4029EACF61C4}
	EndGlobalSection
EndGlobal
