
Microsoft Visual Studio Solution File, Format Version 12.00
# Visual Studio Version 17
VisualStudioVersion = 17.3.32901.215
MinimumVisualStudioVersion = 10.0.40219.1
Project("{FAE04EC0-301F-11D3-BF4B-00C04F79EFBC}") = "Ch11CardLib", "Ch11CardLib\Ch11CardLib.csproj", "{0836A6AC-4C4A-455C-8BFF-616365F21195}"
EndProject
Global
	GlobalSection(SolutionConfigurationPlatforms) = preSolution
		Debug|Any CPU = Debug|Any CPU
		Release|Any CPU = Release|Any CPU
	EndGlobalSection
	GlobalSection(ProjectConfigurationPlatforms) = postSolution
		{0836A6AC-4C4A-455C-8BFF-616365F21195}.Debug|Any CPU.ActiveCfg = Debug|Any CPU
		{0836A6AC-4C4A-455C-8BFF-616365F21195}.Debug|Any CPU.Build.0 = Debug|Any CPU
		{0836A6AC-4C4A-455C-8BFF-616365F21195}.Release|Any CPU.ActiveCfg = Release|Any CPU
		{0836A6AC-4C4A-455C-8BFF-616365F21195}.Release|Any CPU.Build.0 = Release|Any CPU
	EndGlobalSection
	GlobalSection(SolutionProperties) = preSolution
		HideSolutionNode = FALSE
	EndGlobalSection
	GlobalSection(ExtensibilityGlobals) = postSolution
		SolutionGuid = {F32549F5-3C44-40D2-9E81-5253B3DD5572}
	EndGlobalSection
EndGlobal
