
Microsoft Visual Studio Solution File, Format Version 12.00
# Visual Studio Version 17
VisualStudioVersion = 17.3.32901.215
MinimumVisualStudioVersion = 10.0.40219.1
Project("{FAE04EC0-301F-11D3-BF4B-00C04F79EFBC}") = "Ch11Ex02", "Ch11Ex02\Ch11Ex02.csproj", "{76C44CAE-D03C-48BB-89F5-590CD0D07E8B}"
EndProject
Global
	GlobalSection(SolutionConfigurationPlatforms) = preSolution
		Debug|Any CPU = Debug|Any CPU
		Release|Any CPU = Release|Any CPU
	EndGlobalSection
	GlobalSection(ProjectConfigurationPlatforms) = postSolution
		{76C44CAE-D03C-48BB-89F5-590CD0D07E8B}.Debug|Any CPU.ActiveCfg = Debug|Any CPU
		{76C44CAE-D03C-48BB-89F5-590CD0D07E8B}.Debug|Any CPU.Build.0 = Debug|Any CPU
		{76C44CAE-D03C-48BB-89F5-590CD0D07E8B}.Release|Any CPU.ActiveCfg = Release|Any CPU
		{76C44CAE-D03C-48BB-89F5-590CD0D07E8B}.Release|Any CPU.Build.0 = Release|Any CPU
	EndGlobalSection
	GlobalSection(SolutionProperties) = preSolution
		HideSolutionNode = FALSE
	EndGlobalSection
	GlobalSection(ExtensibilityGlobals) = postSolution
		SolutionGuid = {B99F22C2-1F44-45B8-A18F-3882BDDB45B5}
	EndGlobalSection
EndGlobal
