
Microsoft Visual Studio Solution File, Format Version 12.00
# Visual Studio Version 17
VisualStudioVersion = 17.3.32901.215
MinimumVisualStudioVersion = 10.0.40219.1
Project("{FAE04EC0-301F-11D3-BF4B-00C04F79EFBC}") = "Ch11Ex05", "Ch11Ex05.csproj", "{C5FC21D6-7671-41C1-B818-AC3492A5B1FA}"
EndProject
Global
	GlobalSection(SolutionConfigurationPlatforms) = preSolution
		Debug|Any CPU = Debug|Any CPU
		Release|Any CPU = Release|Any CPU
	EndGlobalSection
	GlobalSection(ProjectConfigurationPlatforms) = postSolution
		{C5FC21D6-7671-41C1-B818-AC3492A5B1FA}.Debug|Any CPU.ActiveCfg = Debug|Any CPU
		{C5FC21D6-7671-41C1-B818-AC3492A5B1FA}.Debug|Any CPU.Build.0 = Debug|Any CPU
		{C5FC21D6-7671-41C1-B818-AC3492A5B1FA}.Release|Any CPU.ActiveCfg = Release|Any CPU
		{C5FC21D6-7671-41C1-B818-AC3492A5B1FA}.Release|Any CPU.Build.0 = Release|Any CPU
	EndGlobalSection
	GlobalSection(SolutionProperties) = preSolution
		HideSolutionNode = FALSE
	EndGlobalSection
	GlobalSection(ExtensibilityGlobals) = postSolution
		SolutionGuid = {A627D678-E907-4A6E-89A4-10DAE0E6D80E}
	EndGlobalSection
EndGlobal
