
Microsoft Visual Studio Solution File, Format Version 12.00
# Visual Studio Version 17
VisualStudioVersion = 17.2.32616.157
MinimumVisualStudioVersion = 10.0.40219.1
Project("{FAE04EC0-301F-11D3-BF4B-00C04F79EFBC}") = "Ch03Ex02", "Ch03Ex02.csproj", "{D2585C97-B9A5-4A07-8929-41AB7218382B}"
EndProject
Global
	GlobalSection(SolutionConfigurationPlatforms) = preSolution
		Debug|Any CPU = Debug|Any CPU
		Release|Any CPU = Release|Any CPU
	EndGlobalSection
	GlobalSection(ProjectConfigurationPlatforms) = postSolution
		{D2585C97-B9A5-4A07-8929-41AB7218382B}.Debug|Any CPU.ActiveCfg = Debug|Any CPU
		{D2585C97-B9A5-4A07-8929-41AB7218382B}.Debug|Any CPU.Build.0 = Debug|Any CPU
		{D2585C97-B9A5-4A07-8929-41AB7218382B}.Release|Any CPU.ActiveCfg = Release|Any CPU
		{D2585C97-B9A5-4A07-8929-41AB7218382B}.Release|Any CPU.Build.0 = Release|Any CPU
	EndGlobalSection
	GlobalSection(SolutionProperties) = preSolution
		HideSolutionNode = FALSE
	EndGlobalSection
	GlobalSection(ExtensibilityGlobals) = postSolution
		SolutionGuid = {B49D79F4-2C5F-4F6B-8513-D1A1FD0A0FC1}
	EndGlobalSection
EndGlobal
