
Microsoft Visual Studio Solution File, Format Version 12.00
# Visual Studio Version 17
VisualStudioVersion = 17.3.32901.215
MinimumVisualStudioVersion = 10.0.40219.1
Project("{FAE04EC0-301F-11D3-BF4B-00C04F79EFBC}") = "BeginCSharpDotNet_17_1_CodeFirstDatabase", "BeginCSharpDotNet_17_1_CodeFirstDatabase.csproj", "{7BAE841F-C040-4696-A82A-2C83EE2607E4}"
EndProject
Global
	GlobalSection(SolutionConfigurationPlatforms) = preSolution
		Debug|Any CPU = Debug|Any CPU
		Release|Any CPU = Release|Any CPU
	EndGlobalSection
	GlobalSection(ProjectConfigurationPlatforms) = postSolution
		{7BAE841F-C040-4696-A82A-2C83EE2607E4}.Debug|Any CPU.ActiveCfg = Debug|Any CPU
		{7BAE841F-C040-4696-A82A-2C83EE2607E4}.Debug|Any CPU.Build.0 = Debug|Any CPU
		{7BAE841F-C040-4696-A82A-2C83EE2607E4}.Release|Any CPU.ActiveCfg = Release|Any CPU
		{7BAE841F-C040-4696-A82A-2C83EE2607E4}.Release|Any CPU.Build.0 = Release|Any CPU
	EndGlobalSection
	GlobalSection(SolutionProperties) = preSolution
		HideSolutionNode = FALSE
	EndGlobalSection
	GlobalSection(ExtensibilityGlobals) = postSolution
		SolutionGuid = {A63B0016-B6E1-422D-BE37-89047C37B70E}
	EndGlobalSection
EndGlobal
