
Microsoft Visual Studio Solution File, Format Version 12.00
# Visual Studio Version 17
VisualStudioVersion = 17.3.32811.315
MinimumVisualStudioVersion = 10.0.40219.1
Project("{FAE04EC0-301F-11D3-BF4B-00C04F79EFBC}") = "Homework_Operants", "Homework_Operants.csproj", "{646789DC-4334-4EE2-9EC8-712FD77A0D66}"
EndProject
Project("{FAE04EC0-301F-11D3-BF4B-00C04F79EFBC}") = "Homework_Strings", "..\Homework_Strings\Homework_Strings.csproj", "{DF358DE2-6801-4E69-A654-E1195BA25C95}"
EndProject
Global
	GlobalSection(SolutionConfigurationPlatforms) = preSolution
		Debug|Any CPU = Debug|Any CPU
		Release|Any CPU = Release|Any CPU
	EndGlobalSection
	GlobalSection(ProjectConfigurationPlatforms) = postSolution
		{646789DC-4334-4EE2-9EC8-712FD77A0D66}.Debug|Any CPU.ActiveCfg = Debug|Any CPU
		{646789DC-4334-4EE2-9EC8-712FD77A0D66}.Debug|Any CPU.Build.0 = Debug|Any CPU
		{646789DC-4334-4EE2-9EC8-712FD77A0D66}.Release|Any CPU.ActiveCfg = Release|Any CPU
		{646789DC-4334-4EE2-9EC8-712FD77A0D66}.Release|Any CPU.Build.0 = Release|Any CPU
		{DF358DE2-6801-4E69-A654-E1195BA25C95}.Debug|Any CPU.ActiveCfg = Debug|Any CPU
		{DF358DE2-6801-4E69-A654-E1195BA25C95}.Debug|Any CPU.Build.0 = Debug|Any CPU
		{DF358DE2-6801-4E69-A654-E1195BA25C95}.Release|Any CPU.ActiveCfg = Release|Any CPU
		{DF358DE2-6801-4E69-A654-E1195BA25C95}.Release|Any CPU.Build.0 = Release|Any CPU
	EndGlobalSection
	GlobalSection(SolutionProperties) = preSolution
		HideSolutionNode = FALSE
	EndGlobalSection
	GlobalSection(ExtensibilityGlobals) = postSolution
		SolutionGuid = {53528255-CAB3-47A3-AA50-35E63F549944}
	EndGlobalSection
EndGlobal
